github.com/gohugoio/hugo-mod-bootstrap-scss/v5 v5.20300.20200 h1:SmpwwN3DNzJWbV+IT8gaFu07ENUFpCvKou5BHYUKuVs=
github.com/gohugoio/hugo-mod-bootstrap-scss/v5 v5.20300.20200/go.mod h1:kx8MBj9T7SFR8ZClWvKZPmmUxBaltkoXvnWlZZcSnYA=
github.com/gohugoio/hugo-mod-jslibs-dist/popperjs/v2 v2.21100.20000 h1:GZxx4Hc+yb0/t3/rau1j8XlAxLE4CyXns2fqQbyqWfs=
github.com/gohugoio/hugo-mod-jslibs-dist/popperjs/v2 v2.21100.20000/go.mod h1:mFberT6ZtcchrsDtfvJM7aAH2bDKLdOnruUHl0hlapI=
github.com/hbstack/background-image v0.2.0 h1:wJJ4okZIUasDWcVNmkwSj9oxlj40Fpl3KKHVZ+1BFII=
github.com/hbstack/background-image v0.2.0/go.mod h1:2lZhfQwZy7SWVmRU/kPEaEgzgXypBnXBlipQweJbWPQ=
github.com/hbstack/base v0.4.1 h1:rRmnQonYwixoo/MzDAGOH5S1aIB6/ArPRueRDil0cnc=
github.com/hbstack/base v0.4.1/go.mod h1:ihI8NSFogNNXLpt7vWEYTGgSWE9UvgnfyFKJqmyOauU=
github.com/hbstack/footer v0.2.10 h1:1w8fUXLajGSvEsu7UeWgnrDZumTqnC3pfl4vmmi+feU=
github.com/hbstack/footer v0.2.10/go.mod h1:z779/sE1prEcABuz4RjhSwA8QkFLkmf+xv/5yM3BtPc=
github.com/hbstack/hb v0.8.1 h1:LmQMH44l0YshYrBolaPRywS7r60aa3doA9gKa4sJYGY=
github.com/hbstack/hb v0.8.1/go.mod h1:Z+gW6UsRwuivPcqqEb67h7vSQwSCWOr7KxNXkhcsEzM=
github.com/hbstack/header v0.12.5 h1:wGhWDos9eGzgvj96Llwmjv7yWqr1U2huiZ4cFXkHbsI=
github.com/hbstack/header v0.12.5/go.mod h1:qJ6oP59zCAmkKnFALrEOBo92dnAmxCkYeG1uFjmVMj8=
github.com/hbstack/header/modules/language-picker v0.1.23 h1:apumx/b8JvN3BmDH4GwY2OOZbsokeLOGsNKtbibWbMU=
github.com/hbstack/header/modules/language-picker v0.1.23/go.mod h1:rLN2zbcsGXWsyOfVedSEZk8V7N4/Nk/iyuVm8wjBkuM=
github.com/hbstack/header/modules/socials v0.1.28 h1:C7E+aBhFdoLUgzlYtj5d2/Lxqbv6jGH0SMwyffTnk8E=
github.com/hbstack/header/modules/socials v0.1.28/go.mod h1:N3tqnzmImktAMRJlwEBp7CX9zb2xrc4nyV4eSjNmGNM=
github.com/hbstack/header/modules/theme-toggle v0.4.3 h1:dIJAJRMnXJ6GSWhlokxWNLXW2BJzD8kjSavke7jvp6o=
github.com/hbstack/header/modules/theme-toggle v0.4.3/go.mod h1:RnAxM/75D5uPWQ/9xsYIImgxfJEFGwS/BBklOXxd4hM=
github.com/hbstack/socials v0.9.0 h1:Lru22qqydHTcBJkkYlsk0Dl91IuZPLWBpr+BQB6d87U=
github.com/hbstack/socials v0.9.0/go.mod h1:8H+ztN27J59oWcQyQTFj95HsauF2a22GXqQlNMGTQw4=
github.com/hbstack/theme-start v0.3.2 h1:sSrZKdOWTYjHXTcz3ViyaggPzxiHOZqvYrpnm/dDnPU=
github.com/hbstack/theme-start v0.3.2/go.mod h1:ofVpWgfyKaJ0eBZmDBK/wDE6nl+VYaH8qwIW7N96xyE=
github.com/hbstack/theme-start/engines/baidu v0.1.1 h1:f0KoZhZztmzCcxW925AVyJK/DrRfD3rZF/G1+TYAYyM=
github.com/hbstack/theme-start/engines/baidu v0.1.1/go.mod h1:NBXrSy7wcGxP39HtD+U1z4gyb1YZIXXiedHx5KTB65I=
github.com/hbstack/theme-start/engines/bing v0.1.1 h1:r5+qj2GdtKqN/D2dczzTL9e+ToDGyXDuvNvyvmc3NUA=
github.com/hbstack/theme-start/engines/bing v0.1.1/go.mod h1:ylJhU6DD9wU7w01o1Wm71Vr9flJz8BO1tAbDESe10mw=
github.com/hbstack/theme-start/engines/duckduckgo v0.1.1 h1:ZK8gi1M6E7yWz2hCQd1xb28g6gQgI4f8wBCu524r9C0=
github.com/hbstack/theme-start/engines/duckduckgo v0.1.1/go.mod h1:q7W9zOGa/yEyDkAWn0fYYWMADWrdEeQeDuFI4POsnVk=
github.com/hbstack/theme-start/engines/google v0.1.1 h1:MBpgKr/lePopffMrW+juSqGFJTApoKrAHQ2e8cn1FlU=
github.com/hbstack/theme-start/engines/google v0.1.1/go.mod h1:T0wfHlDE3tT+diYyiay5plYf1QUpyhNoYULsjA5FRBA=
github.com/hugomods/base v0.4.0 h1:jzBIJpqDx8aLAlNe/zF1xbefu1XYxumZc39tOO0ZjSw=
github.com/hugomods/base v0.4.0/go.mod h1:hnWCPbVxuhXBwdFax3mmbMlWKmIo/7OP36MCLOyHtT4=
github.com/hugomods/font-awesome v6.4.2+incompatible h1:oTdZYvNEXRuocAaGTa8f6ZET9e+cjD8JXpZRG7dx8Qw=
github.com/hugomods/font-awesome v6.4.2+incompatible/go.mod h1:C2wW6xDvHkcMlJMVTPQ+Npt+rO0OGv13xT1iyll2z2Q=
github.com/hugomods/hugopress v0.2.3 h1:tbQlJkGcou1KQJOeCN7E3oK8ZREFZoP3kSHcM/Kz718=
github.com/hugomods/hugopress v0.2.3/go.mod h1:CRYvr60xOkZOf4Atkuj+uEj2EH5pjJ39Ws3aJAkoMkA=
github.com/hugomods/icons v0.6.0 h1:G6RU93okhPPRDh/jqcew9gwkcYpSpg0rCBv4S6yUAFw=
github.com/hugomods/icons v0.6.0/go.mod h1:cIkSvK6W0q6N4U6n9KGz+QfRWQXAW0INd+1P31gPNGg=
github.com/hugomods/icons/vendors/bootstrap v0.5.2 h1:A/6sY9tcTY0kGdz+yJOotRutWaXLXHbwHgI5NDZ4nvk=
github.com/hugomods/icons/vendors/bootstrap v0.5.2/go.mod h1:O+9YwW2aJiOIC7R/zmSnoiZjiix1HMJD5J7NRLxRg+M=
github.com/hugomods/icons/vendors/font-awesome v0.6.1 h1:MyYF67fPthN4EDkT/IwY0ydowxzE6J/oKFTltOCY2vY=
github.com/hugomods/icons/vendors/font-awesome v0.6.1/go.mod h1:kmMci4qX8yTQPT28sskzKRudJiQAAiZZugjNbkakRhk=
github.com/hugomods/icons/vendors/simple-icons v1.0.26 h1:mqT9Iu0u/8O/2W0pF/7c7/3r0cwEKTFusqJWPGqnfME=
github.com/hugomods/icons/vendors/simple-icons v1.0.26/go.mod h1:TM3sfNzBmqrckH18wYC0ksdsqvZFpZULE0gnbSeNoUY=
github.com/hugomods/seo/modules/base v0.1.0 h1:ZEkWuYeRJeQakBkBThO3N3lmGzOZoPixs4pDugJXfJk=
github.com/hugomods/seo/modules/base v0.1.0/go.mod h1:qfm1Vga0eGxL+Szgz8Jopm+NtJ5PGov2a2dikTg1qSg=
github.com/hugomods/seo/modules/favicons v0.2.1 h1:9FP4DIbdmBhmUpBuJVJYo60iwv9Xc/XNQX1mT8zCNj0=
github.com/hugomods/seo/modules/favicons v0.2.1/go.mod h1:xFDhrpWUZR4NMMVkilzT6xFBHiF5eyCQ8PlzOS2K9lY=
github.com/hugomods/simple-icons v10.4.0+incompatible h1:ddkpJhI+76GK0WLiyLKVd0xrJoQaEx9Fhfqn2jsbW7w=
github.com/hugomods/simple-icons v10.4.0+incompatible/go.mod h1:1Lvymol7AMVY7ji/o88jMoDHHZIJ5Wc+WwNe5hjmk+U=
github.com/twbs/bootstrap v5.3.2+incompatible h1:tuiO5acc6xnZUR77Sbi5aKWXxjYxbmsSbJwYrhAKoQQ=
github.com/twbs/bootstrap v5.3.2+incompatible/go.mod h1:fZTSrkpSf0/HkL0IIJzvVspTt1r9zuf7XlZau8kpcY0=
github.com/twbs/icons v1.11.2 h1:I0zuO+pk4F1jKGautLPFUQyU2uQyir0GBGb4ArpXZLg=
github.com/twbs/icons v1.11.2/go.mod h1:GnRlymgVWp5iVJCMa0Me5b6tFyGpVc2bSxPMRGIJmyA=
