github.com/hbstack/footer v0.2.4 h1:zWB1BaanVxCQ/rpmo4bpREo4OyNo7sYTL3wjPH9Y35E=
github.com/hbstack/footer v0.2.4/go.mod h1:L0ZYdYRROlGUGLRA9QchkYeByHIff/EU4WKRdAUW+E8=
github.com/hbstack/hb v0.7.1 h1:bnlE/KrhOKADI5aydZG822kT1o9QR8I8TdOWugqaMJE=
github.com/hbstack/hb v0.7.1/go.mod h1:S/08mx1tK6yxjQIkSqvpqG8HrBzMBDJq1WC5QjXW9p0=
github.com/hbstack/header v0.9.0 h1:lhFJYaaOSuuQ7/vavg9pULZ/po2JcoZrAiISh9Iqw70=
github.com/hbstack/header v0.9.0/go.mod h1:ihpMPmzro0155ZHtd3t95C1R5NN61JUZ/0Hng3GpiGo=
github.com/hbstack/socials v0.5.1 h1:CNX33rzXU5QIQWfgpERb/POh11C1UWa8CRuYEAtskUQ=
github.com/hbstack/socials v0.5.1/go.mod h1:xJr/3XfBydzfm8ipFLxqiK7sVSpY0PynX19VxwKziUg=
github.com/hbstack/theme-start v0.3.1 h1:Iqn7OkTI8QFwO1KGXSC0MuDyZz67Nc+7Mv/+HD+WJAg=
github.com/hbstack/theme-start v0.3.1/go.mod h1:ofVpWgfyKaJ0eBZmDBK/wDE6nl+VYaH8qwIW7N96xyE=
github.com/hbstack/theme-start/engines/baidu v0.1.1 h1:f0KoZhZztmzCcxW925AVyJK/DrRfD3rZF/G1+TYAYyM=
github.com/hbstack/theme-start/engines/baidu v0.1.1/go.mod h1:NBXrSy7wcGxP39HtD+U1z4gyb1YZIXXiedHx5KTB65I=
github.com/hbstack/theme-start/engines/bing v0.1.1 h1:r5+qj2GdtKqN/D2dczzTL9e+ToDGyXDuvNvyvmc3NUA=
github.com/hbstack/theme-start/engines/bing v0.1.1/go.mod h1:ylJhU6DD9wU7w01o1Wm71Vr9flJz8BO1tAbDESe10mw=
github.com/hbstack/theme-start/engines/duckduckgo v0.1.1 h1:ZK8gi1M6E7yWz2hCQd1xb28g6gQgI4f8wBCu524r9C0=
github.com/hbstack/theme-start/engines/duckduckgo v0.1.1/go.mod h1:q7W9zOGa/yEyDkAWn0fYYWMADWrdEeQeDuFI4POsnVk=
github.com/hbstack/theme-start/engines/google v0.1.1 h1:MBpgKr/lePopffMrW+juSqGFJTApoKrAHQ2e8cn1FlU=
github.com/hbstack/theme-start/engines/google v0.1.1/go.mod h1:T0wfHlDE3tT+diYyiay5plYf1QUpyhNoYULsjA5FRBA=
github.com/hugomods/font-awesome v6.4.2+incompatible h1:oTdZYvNEXRuocAaGTa8f6ZET9e+cjD8JXpZRG7dx8Qw=
github.com/hugomods/font-awesome v6.4.2+incompatible/go.mod h1:C2wW6xDvHkcMlJMVTPQ+Npt+rO0OGv13xT1iyll2z2Q=
github.com/hugomods/icons v0.6.0 h1:G6RU93okhPPRDh/jqcew9gwkcYpSpg0rCBv4S6yUAFw=
github.com/hugomods/icons v0.6.0/go.mod h1:cIkSvK6W0q6N4U6n9KGz+QfRWQXAW0INd+1P31gPNGg=
github.com/hugomods/seo/modules/base v0.1.0 h1:ZEkWuYeRJeQakBkBThO3N3lmGzOZoPixs4pDugJXfJk=
github.com/hugomods/seo/modules/base v0.1.0/go.mod h1:qfm1Vga0eGxL+Szgz8Jopm+NtJ5PGov2a2dikTg1qSg=
github.com/hugomods/simple-icons v9.14.0+incompatible h1:2OG0KApxCc9ihqOEPrvOsASzFM6SET9l3QyQdiAAyTE=
github.com/hugomods/simple-icons v9.14.0+incompatible/go.mod h1:1Lvymol7AMVY7ji/o88jMoDHHZIJ5Wc+WwNe5hjmk+U=
github.com/twbs/icons v1.11.0 h1:eJZIA2tzf016dpNTgYC9hpeRskK37mmIkTUTwzpW4tQ=
github.com/twbs/icons v1.11.0/go.mod h1:GnRlymgVWp5iVJCMa0Me5b6tFyGpVc2bSxPMRGIJmyA=
